
Microsoft Visual Studio Solution File, Format Version 12.00
# Visual Studio Version 16
VisualStudioVersion = 16.0.31424.327
MinimumVisualStudioVersion = 10.0.40219.1
Project("{FAE04EC0-301F-11D3-BF4B-00C04F79EFBC}") = "ConsoleAppNodo", "ConsoleAppNodo\ConsoleAppNodo.csproj", "{8277C9AC-A999-4AA6-9B51-FB8D8473B5BC}"
EndProject
Global
	GlobalSection(SolutionConfigurationPlatforms) = preSolution
		Debug|Any CPU = Debug|Any CPU
		Release|Any CPU = Release|Any CPU
	EndGlobalSection
	GlobalSection(ProjectConfigurationPlatforms) = postSolution
		{8277C9AC-A999-4AA6-9B51-FB8D8473B5BC}.Debug|Any CPU.ActiveCfg = Debug|Any CPU
		{8277C9AC-A999-4AA6-9B51-FB8D8473B5BC}.Debug|Any CPU.Build.0 = Debug|Any CPU
		{8277C9AC-A999-4AA6-9B51-FB8D8473B5BC}.Release|Any CPU.ActiveCfg = Release|Any CPU
		{8277C9AC-A999-4AA6-9B51-FB8D8473B5BC}.Release|Any CPU.Build.0 = Release|Any CPU
	EndGlobalSection
	GlobalSection(SolutionProperties) = preSolution
		HideSolutionNode = FALSE
	EndGlobalSection
	GlobalSection(ExtensibilityGlobals) = postSolution
		SolutionGuid = {A8CCAEF2-2813-4D00-AA6F-C2A951E0BB49}
	EndGlobalSection
EndGlobal
