
Microsoft Visual Studio Solution File, Format Version 12.00
# Visual Studio Version 16
VisualStudioVersion = 16.0.31424.327
MinimumVisualStudioVersion = 10.0.40219.1
Project("{FAE04EC0-301F-11D3-BF4B-00C04F79EFBC}") = "ConsoleAppNumerosPrimos", "ConsoleAppNumerosPrimos\ConsoleAppNumerosPrimos.csproj", "{907A131F-9605-4B9D-8591-D0D9AFBD4C8F}"
EndProject
Global
	GlobalSection(SolutionConfigurationPlatforms) = preSolution
		Debug|Any CPU = Debug|Any CPU
		Release|Any CPU = Release|Any CPU
	EndGlobalSection
	GlobalSection(ProjectConfigurationPlatforms) = postSolution
		{907A131F-9605-4B9D-8591-D0D9AFBD4C8F}.Debug|Any CPU.ActiveCfg = Debug|Any CPU
		{907A131F-9605-4B9D-8591-D0D9AFBD4C8F}.Debug|Any CPU.Build.0 = Debug|Any CPU
		{907A131F-9605-4B9D-8591-D0D9AFBD4C8F}.Release|Any CPU.ActiveCfg = Release|Any CPU
		{907A131F-9605-4B9D-8591-D0D9AFBD4C8F}.Release|Any CPU.Build.0 = Release|Any CPU
	EndGlobalSection
	GlobalSection(SolutionProperties) = preSolution
		HideSolutionNode = FALSE
	EndGlobalSection
	GlobalSection(ExtensibilityGlobals) = postSolution
		SolutionGuid = {4A678D37-E4FA-41FB-896F-17E4A1AE534F}
	EndGlobalSection
EndGlobal
